# This file is autogenerated, do not edit; changes may be undone by the next 'dep ensure'.


[[projects]]
  branch = "master"
  name = "github.com/Netflix/go-env"
  packages = ["."]
  revision = "1e80ef5003ef234880e1dbf1436a5c84f917cfcf"

[solve-meta]
  analyzer-name = "dep"
  analyzer-version = 1
  inputs-digest = "cb36cf158a435a6810174c11318eb9a6fb66e1bdfbea78702c8832d924ca471e"
  solver-name = "gps-cdcl"
  solver-version = 1
